hash: 2b8aab8d2a172ddb714303aac6e77607f787f41b7fff1664898d72dd6d956ee8
updated: 2016-09-19T10:04:06.378128281-07:00
imports:
- name: github.com/apache/thrift
  version: 5a3f855b4e6882184f13c698855c877241144a12
  subpackages:
  - lib/go/thrift
- name: github.com/crossdock/crossdock-go
  version: 9a20d202853d1322cb1d440821ff60dcebfb9323
- name: github.com/davecgh/go-spew
  version: 5215b55f46b2b919f50a1df0eaa5886afe4e3b3d
  subpackages:
  - spew
- name: github.com/golang/mock
  version: bd3c8e81be01eef76d4b503f5e687d2d1354d2d9
  subpackages:
  - gomock
- name: github.com/opentracing/opentracing-go
  version: 77a31d686003349e89c89e58408aafcd20003f41
  subpackages:
  - ext
- name: github.com/pmezard/go-difflib
  version: 792786c7400a136282c1664665ae0a8db921c6c2
  subpackages:
  - difflib
- name: github.com/stretchr/testify
  version: d77da356e56a7428ad25149ca77381849a6a5232
  subpackages:
  - assert
  - require
- name: github.com/thriftrw/thriftrw-go
  version: 0edcedc6665a0c7805587c5cab2fd3d31e720a10
  subpackages:
  - ptr
  - wire
  - protocol
  - envelope
  - plugin
  - plugin/api
  - protocol/binary
  - internal/envelope/exception
  - internal/envelope
  - internal/frame
  - internal/goast
  - internal/multiplex
  - plugin/api/service/plugin
  - plugin/api/service/servicegenerator
- name: github.com/uber-go/atomic
  version: 0c9e689d64f004564b79d9a663634756df322902
- name: github.com/uber/tchannel-go
  version: f57e644626dbf4d87ee2b36571600c21f8255f1f
  subpackages:
  - json
  - raw
  - thrift
  - relay
  - tnet
  - trand
  - typed
  - thrift/gen-go/meta
- name: golang.org/x/net
  version: 3797cd8864994d713d909eda5e61ede8683fdc12
  subpackages:
  - context
  - context/ctxhttp
- name: golang.org/x/tools
  version: f1a397bba50dee815e8c73f3ec94ffc0e8df1a09
  subpackages:
  - go/ast/astutil
devImports: []
