hash: 7da33fc2fc71a9de32d820128f0fca3bbc3c15c7f19c0746341b5a508110e2f5
updated: 2016-11-14T15:36:15.524111701-08:00
imports:
- name: github.com/apache/thrift
  version: fd832242bba9d4eaba71c7c08e8eed440b106f98
  subpackages:
  - lib/go/thrift
- name: github.com/crossdock/crossdock-go
  version: 049aabb0122b03bc9bd30cab8f3f91fb60166361
  subpackages:
  - assert
  - require
- name: github.com/davecgh/go-spew
  version: 346938d642f2ec3594ed81d874461961cd0faa76
  subpackages:
  - spew
- name: github.com/golang/mock
  version: bd3c8e81be01eef76d4b503f5e687d2d1354d2d9
  subpackages:
  - gomock
- name: github.com/opentracing/opentracing-go
  version: 0c3154a3c2ce79d3271985848659870599dfb77c
  subpackages:
  - ext
  - log
  - mocktracer
- name: github.com/pmezard/go-difflib
  version: 792786c7400a136282c1664665ae0a8db921c6c2
  subpackages:
  - difflib
- name: github.com/stretchr/testify
  version: 976c720a22c8eb4eb6a0b4348ad85ad12491a506
  subpackages:
  - assert
  - require
- name: github.com/uber-go/atomic
  version: 0c9e689d64f004564b79d9a663634756df322902
- name: github.com/uber/jaeger-client-go
  version: e39d0f1b622558cae3d9db0062a739cc6ffa700f
  subpackages:
  - internal/spanlog
  - thrift-gen/agent
  - thrift-gen/sampling
  - thrift-gen/zipkincore
  - transport
  - utils
- name: github.com/uber/tchannel-go
  version: 4a23f3aae76694b21107f118ece763a61b98ea07
  subpackages:
  - json
  - raw
  - relay
  - relay/relaytest
  - testutils
  - testutils/goroutines
  - testutils/testreader
  - thrift
  - thrift/gen-go/meta
  - tnet
  - trand
  - typed
- name: go.uber.org/atomic
  version: 0c9e689d64f004564b79d9a663634756df322902
- name: go.uber.org/thriftrw
  version: 0e820a1d58079f74827407498fb63d746f2f533d
  subpackages:
  - envelope
  - internal/envelope
  - internal/envelope/exception
  - internal/frame
  - internal/goast
  - internal/multiplex
  - plugin
  - plugin/api
  - protocol
  - protocol/binary
  - ptr
  - version
  - wire
- name: golang.org/x/net
  version: 0e2717dc3cc05907dc23096ef3a9086ea93f567f
  subpackages:
  - context
  - context/ctxhttp
- name: golang.org/x/tools
  version: 1529f889eb4b594d1f047f2fb8d5b3cc85c8f006
  subpackages:
  - go/ast/astutil
- name: gopkg.in/yaml.v2
  version: a83829b6f1293c91addabc89d0571c246397bbf4
testImports: []
