hash: 41299379074d597b053894c96b24a3a512ace69e445cc4ee2fd714a990ae8e4d
updated: 2017-02-10T10:31:53.537197614-08:00
imports:
- name: github.com/apache/thrift
  version: e1832c354391deb0e0ce94a62ff32e8ce1c83fd3
  subpackages:
  - lib/go/thrift
- name: github.com/cactus/go-statsd-client
  version: d8eabe07bc70ff9ba6a56836cde99d1ea3d005f7
  subpackages:
  - statsd
- name: github.com/crossdock/crossdock-go
  version: 049aabb0122b03bc9bd30cab8f3f91fb60166361
  subpackages:
  - assert
  - require
- name: github.com/davecgh/go-spew
  version: 04cdfd42973bb9c8589fd6a731800cf222fde1a9
  subpackages:
  - spew
- name: github.com/golang/mock
  version: bd3c8e81be01eef76d4b503f5e687d2d1354d2d9
  subpackages:
  - gomock
- name: github.com/gorilla/websocket
  version: c36f2fe5c330f0ac404b616b96c438b8616b1aaf
- name: github.com/opentracing/opentracing-go
  version: 6edb48674bd9467b8e91fda004f2bd7202d60ce4
  subpackages:
  - ext
  - log
  - mocktracer
- name: github.com/pborman/uuid
  version: 1b00554d822231195d1babd97ff4a781231955c9
- name: github.com/pmezard/go-difflib
  version: d8ed2627bdf02c080bf22230dbb337003b7aba2d
  subpackages:
  - difflib
- name: github.com/Sirupsen/logrus
  version: 08a8a7c27e3d058a8989316a850daad1c10bf4ab
- name: github.com/stretchr/objx
  version: cbeaeb16a013161a98496fad62933b1d21786672
- name: github.com/stretchr/testify
  version: 4d4bfba8f1d1027c4fdbe371823030df51419987
  subpackages:
  - assert
  - mock
  - require
- name: github.com/uber-common/bark
  version: d52ffa061726911f47fcd3d9e8b9b55f22794772
- name: github.com/uber-go/atomic
  version: 0c9e689d64f004564b79d9a663634756df322902
- name: github.com/uber/cherami-client-go
  version: 5b008bbffe389a329274ff5ceaaa68e0b17348f9
  subpackages:
  - client/cherami
  - common
  - common/backoff
  - common/metrics
  - common/websocket
  - stream
- name: github.com/uber/cherami-thrift
  version: 0f0585c53937209f08a57c6ae51d8a7fd281e100
  subpackages:
  - .generated/go/cherami
- name: github.com/uber/jaeger-client-go
  version: e39d0f1b622558cae3d9db0062a739cc6ffa700f
  subpackages:
  - internal/spanlog
  - thrift-gen/agent
  - thrift-gen/sampling
  - thrift-gen/zipkincore
  - transport
  - utils
- name: github.com/uber/tchannel-go
  version: 79387824978f91318be3bfb43ae12e04c38cfe97
  subpackages:
  - hyperbahn
  - hyperbahn/gen-go/hyperbahn
  - internal/argreader
  - json
  - raw
  - relay
  - relay/relaytest
  - testutils
  - testutils/goroutines
  - testutils/testreader
  - thrift
  - thrift/gen-go/meta
  - tnet
  - trand
  - typed
- name: go.uber.org/atomic
  version: 0c9e689d64f004564b79d9a663634756df322902
- name: go.uber.org/thriftrw
  version: c98a13058faa5dd41584a77221a268d2c72d832d
  subpackages:
  - envelope
  - internal/envelope
  - internal/envelope/exception
  - internal/frame
  - internal/goast
  - internal/multiplex
  - internal/semver
  - plugin
  - plugin/api
  - protocol
  - protocol/binary
  - ptr
  - version
  - wire
- name: golang.org/x/net
  version: a689eb3bc4b53af70390acc3cf68c9f549b6b8d6
  subpackages:
  - context
  - context/ctxhttp
- name: golang.org/x/sys
  version: d4feaf1a7e61e1d9e79e6c4e76c6349e9cab0a03
  subpackages:
  - unix
- name: golang.org/x/tools
  version: 44492e23b4afd3e75591994228422613777ee4ee
  subpackages:
  - go/ast/astutil
- name: gopkg.in/bsm/ratelimit.v1
  version: db14e161995a5177acef654cb0dd785e8ee8bc22
- name: gopkg.in/redis.v5
  version: b6bfe529a846fbb9a58c832ce71c61b6fde12c15
  subpackages:
  - internal
  - internal/consistenthash
  - internal/hashtag
  - internal/pool
  - internal/proto
- name: gopkg.in/yaml.v2
  version: a83829b6f1293c91addabc89d0571c246397bbf4
testImports: []
